{
  "name": "fileshare",
  "version": "1.0.0",
  "lockfileVersion": 2,
  "requires": true,
  "packages": {
    "": {
      "name": "fileshare",
      "version": "1.0.0",
      "license": "ISC",
      "dependencies": {
        "@cfworker/web": "^1.12.5",
        "@cloudflare/kv-asset-handler": "^0.2.0"
      }
    },
    "node_modules/@cfworker/json-schema": {
      "version": "1.12.5",
      "resolved": "https://registry.npmjs.org/@cfworker/json-schema/-/json-schema-1.12.5.tgz",
      "integrity": "sha512-k+ungOs1TxSfNfmfOxkwaiNL2EgRQjhk2SRweMYoKkBJZUYsGsY+XYpe2KpuS9EyjZWjZhq8QvVM+gwi3g1+hQ=="
    },
    "node_modules/@cfworker/web": {
      "version": "1.12.5",
      "resolved": "https://registry.npmjs.org/@cfworker/web/-/web-1.12.5.tgz",
      "integrity": "sha512-CqcAFECgWSl6FCQEZ2UMcML50N4+FFKwYzz8eVMVFI7OaKYxkd5vdP8BoJB1XOpMflgF7xcFoOxymxVXyaMXrA==",
      "dependencies": {
        "@cfworker/json-schema": "^1.12.5",
        "@cfworker/worker-types": "^1.12.3",
        "@cloudflare/workers-types": "^2.2.2",
        "@types/cookie": "^0.5.1",
        "@types/html-escaper": "^3.0.0",
        "@types/statuses": "^2.0.0",
        "cookie": "^0.5.0",
        "html-escaper": "^3.0.3",
        "negotiator": "^0.6.3",
        "path-to-regexp": "^6.2.1",
        "secure-json-parse": "^2.5.0",
        "statuses": "^2.0.1"
      }
    },
    "node_modules/@cfworker/worker-types": {
      "version": "1.12.3",
      "resolved": "https://registry.npmjs.org/@cfworker/worker-types/-/worker-types-1.12.3.tgz",
      "integrity": "sha512-p9wWxB1n+D0Mm9YFYcU80Ea9rUqYDAkuYvSPjKezCSjFKGDm12x9S/8md33h7a4IAzxtO9pfOVoVLvVI2hpR9g=="
    },
    "node_modules/@cloudflare/kv-asset-handler": {
      "version": "0.2.0",
      "resolved": "https://registry.npmjs.org/@cloudflare/kv-asset-handler/-/kv-asset-handler-0.2.0.tgz",
      "integrity": "sha512-MVbXLbTcAotOPUj0pAMhVtJ+3/kFkwJqc5qNOleOZTv6QkZZABDMS21dSrSlVswEHwrpWC03e4fWytjqKvuE2A==",
      "dependencies": {
        "mime": "^3.0.0"
      }
    },
    "node_modules/@cloudflare/workers-types": {
      "version": "2.2.2",
      "resolved": "https://registry.npmjs.org/@cloudflare/workers-types/-/workers-types-2.2.2.tgz",
      "integrity": "sha512-kaMn2rueJ0PL1TYVGknTCh0X0x0d9G+FNXAFep7/4uqecEZoQb/63o6rOmMuiqI09zLuHV6xhKRXinokV/MY9A=="
    },
    "node_modules/@types/cookie": {
      "version": "0.5.1",
      "resolved": "https://registry.npmjs.org/@types/cookie/-/cookie-0.5.1.tgz",
      "integrity": "sha512-COUnqfB2+ckwXXSFInsFdOAWQzCCx+a5hq2ruyj+Vjund94RJQd4LG2u9hnvJrTgunKAaax7ancBYlDrNYxA0g=="
    },
    "node_modules/@types/html-escaper": {
      "version": "3.0.0",
      "resolved": "https://registry.npmjs.org/@types/html-escaper/-/html-escaper-3.0.0.tgz",
      "integrity": "sha512-OcJcvP3Yk8mjYwf/IdXZtTE1tb/u0WF0qa29ER07ZHCYUBZXSN29Z1mBS+/96+kNMGTFUAbSz9X+pHmHpZrTCw=="
    },
    "node_modules/@types/statuses": {
      "version": "2.0.0",
      "resolved": "https://registry.npmjs.org/@types/statuses/-/statuses-2.0.0.tgz",
      "integrity": "sha512-V4dX/J9hyQ8hq2hztP+8xB1girGot5ltjtmxaJusf6AGyxi2RvWJrpWj4/DxF0/GFNOkswUVnbkGXKaaY9juQQ=="
    },
    "node_modules/cookie": {
      "version": "0.5.0",
      "resolved": "https://registry.npmjs.org/cookie/-/cookie-0.5.0.tgz",
      "integrity": "sha512-YZ3GUyn/o8gfKJlnlX7g7xq4gyO6OSuhGPKaaGssGB2qgDUS0gPgtTvoyZLTt9Ab6dC4hfc9dV5arkvc/OCmrw==",
      "engines": {
        "node": ">= 0.6"
      }
    },
    "node_modules/html-escaper": {
      "version": "3.0.3",
      "resolved": "https://registry.npmjs.org/html-escaper/-/html-escaper-3.0.3.tgz",
      "integrity": "sha512-RuMffC89BOWQoY0WKGpIhn5gX3iI54O6nRA0yC124NYVtzjmFWBIiFd8M0x+ZdX0P9R4lADg1mgP8C7PxGOWuQ=="
    },
    "node_modules/mime": {
      "version": "3.0.0",
      "resolved": "https://registry.npmjs.org/mime/-/mime-3.0.0.tgz",
      "integrity": "sha512-jSCU7/VB1loIWBZe14aEYHU/+1UMEHoaO7qxCOVJOw9GgH72VAWppxNcjU+x9a2k3GSIBXNKxXQFqRvvZ7vr3A==",
      "bin": {
        "mime": "cli.js"
      },
      "engines": {
        "node": ">=10.0.0"
      }
    },
    "node_modules/negotiator": {
      "version": "0.6.3",
      "resolved": "https://registry.npmjs.org/negotiator/-/negotiator-0.6.3.tgz",
      "integrity": "sha512-+EUsqGPLsM+j/zdChZjsnX51g4XrHFOIXwfnCVPGlQk/k5giakcKsuxCObBRu6DSm9opw/O6slWbJdghQM4bBg==",
      "engines": {
        "node": ">= 0.6"
      }
    },
    "node_modules/path-to-regexp": {
      "version": "6.2.1",
      "resolved": "https://registry.npmjs.org/path-to-regexp/-/path-to-regexp-6.2.1.tgz",
      "integrity": "sha512-JLyh7xT1kizaEvcaXOQwOc2/Yhw6KZOvPf1S8401UyLk86CU79LN3vl7ztXGm/pZ+YjoyAJ4rxmHwbkBXJX+yw=="
    },
    "node_modules/secure-json-parse": {
      "version": "2.6.0",
      "resolved": "https://registry.npmjs.org/secure-json-parse/-/secure-json-parse-2.6.0.tgz",
      "integrity": "sha512-B9osKohb6L+EZ6Kve3wHKfsAClzOC/iISA2vSuCe5Jx5NAKiwitfxx8ZKYapHXr0sYRj7UZInT7pLb3rp2Yx6A=="
    },
    "node_modules/statuses": {
      "version": "2.0.1",
      "resolved": "https://registry.npmjs.org/statuses/-/statuses-2.0.1.tgz",
      "integrity": "sha512-RwNA9Z/7PrK06rYLIzFMlaF+l73iwpzsqRIFgbMLbTcLD6cOao82TaWefPXQvB2fOC4AjuYSEndS7N/mTCbkdQ==",
      "engines": {
        "node": ">= 0.8"
      }
    }
  },
  "dependencies": {
    "@cfworker/json-schema": {
      "version": "1.12.5",
      "resolved": "https://registry.npmjs.org/@cfworker/json-schema/-/json-schema-1.12.5.tgz",
      "integrity": "sha512-k+ungOs1TxSfNfmfOxkwaiNL2EgRQjhk2SRweMYoKkBJZUYsGsY+XYpe2KpuS9EyjZWjZhq8QvVM+gwi3g1+hQ=="
    },
    "@cfworker/web": {
      "version": "1.12.5",
      "resolved": "https://registry.npmjs.org/@cfworker/web/-/web-1.12.5.tgz",
      "integrity": "sha512-CqcAFECgWSl6FCQEZ2UMcML50N4+FFKwYzz8eVMVFI7OaKYxkd5vdP8BoJB1XOpMflgF7xcFoOxymxVXyaMXrA==",
      "requires": {
        "@cfworker/json-schema": "^1.12.5",
        "@cfworker/worker-types": "^1.12.3",
        "@cloudflare/workers-types": "^2.2.2",
        "@types/cookie": "^0.5.1",
        "@types/html-escaper": "^3.0.0",
        "@types/statuses": "^2.0.0",
        "cookie": "^0.5.0",
        "html-escaper": "^3.0.3",
        "negotiator": "^0.6.3",
        "path-to-regexp": "^6.2.1",
        "secure-json-parse": "^2.5.0",
        "statuses": "^2.0.1"
      }
    },
    "@cfworker/worker-types": {
      "version": "1.12.3",
      "resolved": "https://registry.npmjs.org/@cfworker/worker-types/-/worker-types-1.12.3.tgz",
      "integrity": "sha512-p9wWxB1n+D0Mm9YFYcU80Ea9rUqYDAkuYvSPjKezCSjFKGDm12x9S/8md33h7a4IAzxtO9pfOVoVLvVI2hpR9g=="
    },
    "@cloudflare/kv-asset-handler": {
      "version": "0.2.0",
      "resolved": "https://registry.npmjs.org/@cloudflare/kv-asset-handler/-/kv-asset-handler-0.2.0.tgz",
      "integrity": "sha512-MVbXLbTcAotOPUj0pAMhVtJ+3/kFkwJqc5qNOleOZTv6QkZZABDMS21dSrSlVswEHwrpWC03e4fWytjqKvuE2A==",
      "requires": {
        "mime": "^3.0.0"
      }
    },
    "@cloudflare/workers-types": {
      "version": "2.2.2",
      "resolved": "https://registry.npmjs.org/@cloudflare/workers-types/-/workers-types-2.2.2.tgz",
      "integrity": "sha512-kaMn2rueJ0PL1TYVGknTCh0X0x0d9G+FNXAFep7/4uqecEZoQb/63o6rOmMuiqI09zLuHV6xhKRXinokV/MY9A=="
    },
    "@types/cookie": {
      "version": "0.5.1",
      "resolved": "https://registry.npmjs.org/@types/cookie/-/cookie-0.5.1.tgz",
      "integrity": "sha512-COUnqfB2+ckwXXSFInsFdOAWQzCCx+a5hq2ruyj+Vjund94RJQd4LG2u9hnvJrTgunKAaax7ancBYlDrNYxA0g=="
    },
    "@types/html-escaper": {
      "version": "3.0.0",
      "resolved": "https://registry.npmjs.org/@types/html-escaper/-/html-escaper-3.0.0.tgz",
      "integrity": "sha512-OcJcvP3Yk8mjYwf/IdXZtTE1tb/u0WF0qa29ER07ZHCYUBZXSN29Z1mBS+/96+kNMGTFUAbSz9X+pHmHpZrTCw=="
    },
    "@types/statuses": {
      "version": "2.0.0",
      "resolved": "https://registry.npmjs.org/@types/statuses/-/statuses-2.0.0.tgz",
      "integrity": "sha512-V4dX/J9hyQ8hq2hztP+8xB1girGot5ltjtmxaJusf6AGyxi2RvWJrpWj4/DxF0/GFNOkswUVnbkGXKaaY9juQQ=="
    },
    "cookie": {
      "version": "0.5.0",
      "resolved": "https://registry.npmjs.org/cookie/-/cookie-0.5.0.tgz",
      "integrity": "sha512-YZ3GUyn/o8gfKJlnlX7g7xq4gyO6OSuhGPKaaGssGB2qgDUS0gPgtTvoyZLTt9Ab6dC4hfc9dV5arkvc/OCmrw=="
    },
    "html-escaper": {
      "version": "3.0.3",
      "resolved": "https://registry.npmjs.org/html-escaper/-/html-escaper-3.0.3.tgz",
      "integrity": "sha512-RuMffC89BOWQoY0WKGpIhn5gX3iI54O6nRA0yC124NYVtzjmFWBIiFd8M0x+ZdX0P9R4lADg1mgP8C7PxGOWuQ=="
    },
    "mime": {
      "version": "3.0.0",
      "resolved": "https://registry.npmjs.org/mime/-/mime-3.0.0.tgz",
      "integrity": "sha512-jSCU7/VB1loIWBZe14aEYHU/+1UMEHoaO7qxCOVJOw9GgH72VAWppxNcjU+x9a2k3GSIBXNKxXQFqRvvZ7vr3A=="
    },
    "negotiator": {
      "version": "0.6.3",
      "resolved": "https://registry.npmjs.org/negotiator/-/negotiator-0.6.3.tgz",
      "integrity": "sha512-+EUsqGPLsM+j/zdChZjsnX51g4XrHFOIXwfnCVPGlQk/k5giakcKsuxCObBRu6DSm9opw/O6slWbJdghQM4bBg=="
    },
    "path-to-regexp": {
      "version": "6.2.1",
      "resolved": "https://registry.npmjs.org/path-to-regexp/-/path-to-regexp-6.2.1.tgz",
      "integrity": "sha512-JLyh7xT1kizaEvcaXOQwOc2/Yhw6KZOvPf1S8401UyLk86CU79LN3vl7ztXGm/pZ+YjoyAJ4rxmHwbkBXJX+yw=="
    },
    "secure-json-parse": {
      "version": "2.6.0",
      "resolved": "https://registry.npmjs.org/secure-json-parse/-/secure-json-parse-2.6.0.tgz",
      "integrity": "sha512-B9osKohb6L+EZ6Kve3wHKfsAClzOC/iISA2vSuCe5Jx5NAKiwitfxx8ZKYapHXr0sYRj7UZInT7pLb3rp2Yx6A=="
    },
    "statuses": {
      "version": "2.0.1",
      "resolved": "https://registry.npmjs.org/statuses/-/statuses-2.0.1.tgz",
      "integrity": "sha512-RwNA9Z/7PrK06rYLIzFMlaF+l73iwpzsqRIFgbMLbTcLD6cOao82TaWefPXQvB2fOC4AjuYSEndS7N/mTCbkdQ=="
    }
  }
}
